// !$*UTF8*$!
{
	archiveVersion = 1;
	classes = {
	};
	objectVersion = 46;
	objects = {

/* Begin PBXBuildFile section */
		8D47CF8EAB31808ED7ADBEBD /* libPods-ToDo-Demo-app.a in Frameworks */ = {isa = PBXBuildFile; fileRef = 44A2FC9AEDEB7BB0A5507672 /* libPods-ToDo-Demo-app.a */; };
		C71569281D1969180099B9D0 /* Security.framework in Frameworks */ = {isa = PBXBuildFile; fileRef = C71569271D1969180099B9D0 /* Security.framework */; };
		C715692B1D1969580099B9D0 /* KeychainItemWrapper.m in Sources */ = {isa = PBXBuildFile; fileRef = C715692A1D1969580099B9D0 /* KeychainItemWrapper.m */; };
		C73B55221D0E9F4D0031E1D5 /* StorageService.m in Sources */ = {isa = PBXBuildFile; fileRef = C73B55211D0E9F4D0031E1D5 /* StorageService.m */; };
		C73B55251D0FD92F0031E1D5 /* TextFieldWithIBInspectiblePlaceholder.m in Sources */ = {isa = PBXBuildFile; fileRef = C73B55241D0FD92F0031E1D5 /* TextFieldWithIBInspectiblePlaceholder.m */; };
		C73B55291D11826B0031E1D5 /* HomeCollectionViewCell.m in Sources */ = {isa = PBXBuildFile; fileRef = C73B55271D11826B0031E1D5 /* HomeCollectionViewCell.m */; };
		C770A0FB1D21251000A1FF24 /* login.storyboard in Resources */ = {isa = PBXBuildFile; fileRef = C770A0FA1D21251000A1FF24 /* login.storyboard */; };
		C770A0FE1D21400600A1FF24 /* Settings.storyboard in Resources */ = {isa = PBXBuildFile; fileRef = C770A0FC1D21400600A1FF24 /* Settings.storyboard */; };
		C770A1011D2264A500A1FF24 /* SettingsGeneral.m in Sources */ = {isa = PBXBuildFile; fileRef = C770A1001D2264A500A1FF24 /* SettingsGeneral.m */; };
		C770A1051D229A0200A1FF24 /* SettingsSounds.m in Sources */ = {isa = PBXBuildFile; fileRef = C770A1041D229A0200A1FF24 /* SettingsSounds.m */; };
		C770A1081D229A9700A1FF24 /* SettingsSettings.m in Sources */ = {isa = PBXBuildFile; fileRef = C770A1071D229A9700A1FF24 /* SettingsSettings.m */; };
		C770A10B1D229B1400A1FF24 /* SettingsTheme.m in Sources */ = {isa = PBXBuildFile; fileRef = C770A10A1D229B1400A1FF24 /* SettingsTheme.m */; };
		C770A10E1D229BEC00A1FF24 /* SettingsSupport.m in Sources */ = {isa = PBXBuildFile; fileRef = C770A10D1D229BEC00A1FF24 /* SettingsSupport.m */; };
		C770A1111D229C0400A1FF24 /* SettingsPrivacy.m in Sources */ = {isa = PBXBuildFile; fileRef = C770A1101D229C0400A1FF24 /* SettingsPrivacy.m */; };
		C770A1141D23AC9E00A1FF24 /* User.m in Sources */ = {isa = PBXBuildFile; fileRef = C770A1131D23AC9E00A1FF24 /* User.m */; };
		C79380671D018BCB00665555 /* Authenticator.m in Sources */ = {isa = PBXBuildFile; fileRef = C79380661D018BCB00665555 /* Authenticator.m */; };
		C793806A1D019CA400665555 /* LogInVC.m in Sources */ = {isa = PBXBuildFile; fileRef = C79380691D019CA400665555 /* LogInVC.m */; };
		C7A922DB1D09961200BD0178 /* RegistrationVC.m in Sources */ = {isa = PBXBuildFile; fileRef = C7A922DA1D09961200BD0178 /* RegistrationVC.m */; };
		C7A922DE1D0AE21000BD0178 /* DatabaseService.m in Sources */ = {isa = PBXBuildFile; fileRef = C7A922DD1D0AE21000BD0178 /* DatabaseService.m */; };
		C7BBDDA91CFC5FD10062C59C /* GoogleService-Info.plist in Resources */ = {isa = PBXBuildFile; fileRef = C7BBDDA81CFC5FD10062C59C /* GoogleService-Info.plist */; };
		C7D0B5361CFC6BEC0023A256 /* MainTabbarVC.m in Sources */ = {isa = PBXBuildFile; fileRef = C7D0B5351CFC6BEC0023A256 /* MainTabbarVC.m */; };
		C7D0B5391CFEB6EA0023A256 /* TopMenu.m in Sources */ = {isa = PBXBuildFile; fileRef = C7D0B5381CFEB6EA0023A256 /* TopMenu.m */; };
		C7D0B53C1CFEC7F90023A256 /* NavigationVC.m in Sources */ = {isa = PBXBuildFile; fileRef = C7D0B53B1CFEC7F90023A256 /* NavigationVC.m */; };
		C7D0B53F1CFEE71D0023A256 /* NavigationCollectionVC.m in Sources */ = {isa = PBXBuildFile; fileRef = C7D0B53E1CFEE71D0023A256 /* NavigationCollectionVC.m */; };
		C7D0B5421CFEF10F0023A256 /* NavigationCollectionViewCell.m in Sources */ = {isa = PBXBuildFile; fileRef = C7D0B5411CFEF10F0023A256 /* NavigationCollectionViewCell.m */; };
		C7D0B5461D0025FF0023A256 /* HomeVC.m in Sources */ = {isa = PBXBuildFile; fileRef = C7D0B5451D0025FF0023A256 /* HomeVC.m */; };
		C7D0B54C1D0026C50023A256 /* CalendarVC.m in Sources */ = {isa = PBXBuildFile; fileRef = C7D0B54B1D0026C50023A256 /* CalendarVC.m */; };
		C7D0B54F1D0026DE0023A256 /* OverviewVC.m in Sources */ = {isa = PBXBuildFile; fileRef = C7D0B54E1D0026DE0023A256 /* OverviewVC.m */; };
		C7D0B5521D0027180023A256 /* CreateVC.m in Sources */ = {isa = PBXBuildFile; fileRef = C7D0B5511D0027180023A256 /* CreateVC.m */; };
		C7D0B5551D0027260023A256 /* ProfileVC.m in Sources */ = {isa = PBXBuildFile; fileRef = C7D0B5541D0027260023A256 /* ProfileVC.m */; };
		C7D0B5581D0027350023A256 /* TimelineVC.m in Sources */ = {isa = PBXBuildFile; fileRef = C7D0B5571D0027350023A256 /* TimelineVC.m */; };
		C7D0B55B1D0027770023A256 /* SettingsVC.m in Sources */ = {isa = PBXBuildFile; fileRef = C7D0B55A1D0027770023A256 /* SettingsVC.m */; };
		C7D0B55F1D0028060023A256 /* GroupsVC.m in Sources */ = {isa = PBXBuildFile; fileRef = C7D0B55E1D0028060023A256 /* GroupsVC.m */; };
		C7D0B5621D0028830023A256 /* Configuration.m in Sources */ = {isa = PBXBuildFile; fileRef = C7D0B5611D0028830023A256 /* Configuration.m */; };
		C7D0B5651D004FC90023A256 /* ListsVC.m in Sources */ = {isa = PBXBuildFile; fileRef = C7D0B5641D004FC90023A256 /* ListsVC.m */; };
		C7EAD86E1CFC28EF0085CFF4 /* main.m in Sources */ = {isa = PBXBuildFile; fileRef = C7EAD86D1CFC28EF0085CFF4 /* main.m */; };
		C7EAD8711CFC28EF0085CFF4 /* AppDelegate.m in Sources */ = {isa = PBXBuildFile; fileRef = C7EAD8701CFC28EF0085CFF4 /* AppDelegate.m */; };
		C7EAD8771CFC28EF0085CFF4 /* Main.storyboard in Resources */ = {isa = PBXBuildFile; fileRef = C7EAD8751CFC28EF0085CFF4 /* Main.storyboard */; };
		C7EAD8791CFC28EF0085CFF4 /* Assets.xcassets in Resources */ = {isa = PBXBuildFile; fileRef = C7EAD8781CFC28EF0085CFF4 /* Assets.xcassets */; };
		C7EAD87C1CFC28EF0085CFF4 /* LaunchScreen.storyboard in Resources */ = {isa = PBXBuildFile; fileRef = C7EAD87A1CFC28EF0085CFF4 /* LaunchScreen.storyboard */; };
/* End PBXBuildFile section */

/* Begin PBXFileReference section */
		2AB82299EB03BCD4CE6A58B6 /* Pods-ToDo-Demo-app.release.xcconfig */ = {isa = PBXFileReference; includeInIndex = 1; lastKnownFileType = text.xcconfig; name = "Pods-ToDo-Demo-app.release.xcconfig"; path = "Pods/Target Support Files/Pods-ToDo-Demo-app/Pods-ToDo-Demo-app.release.xcconfig"; sourceTree = "<group>"; };
		44A2FC9AEDEB7BB0A5507672 /* libPods-ToDo-Demo-app.a */ = {isa = PBXFileReference; explicitFileType = archive.ar; includeInIndex = 0; path = "libPods-ToDo-Demo-app.a"; sourceTree = BUILT_PRODUCTS_DIR; };
		563E5D9D78D037DDB5D00D06 /* Pods-ToDo-Demo-app.debug.xcconfig */ = {isa = PBXFileReference; includeInIndex = 1; lastKnownFileType = text.xcconfig; name = "Pods-ToDo-Demo-app.debug.xcconfig"; path = "Pods/Target Support Files/Pods-ToDo-Demo-app/Pods-ToDo-Demo-app.debug.xcconfig"; sourceTree = "<group>"; };
		C71569271D1969180099B9D0 /* Security.framework */ = {isa = PBXFileReference; lastKnownFileType = wrapper.framework; name = Security.framework; path = System/Library/Frameworks/Security.framework; sourceTree = SDKROOT; };
		C71569291D1969580099B9D0 /* KeychainItemWrapper.h */ = {isa = PBXFileReference; fileEncoding = 4; lastKnownFileType = sourcecode.c.h; path = KeychainItemWrapper.h; sourceTree = "<group>"; };
		C715692A1D1969580099B9D0 /* KeychainItemWrapper.m */ = {isa = PBXFileReference; fileEncoding = 4; lastKnownFileType = sourcecode.c.objc; path = KeychainItemWrapper.m; sourceTree = "<group>"; };
		C73B55201D0E9F4D0031E1D5 /* StorageService.h */ = {isa = PBXFileReference; fileEncoding = 4; lastKnownFileType = sourcecode.c.h; path = StorageService.h; sourceTree = "<group>"; };
		C73B55211D0E9F4D0031E1D5 /* StorageService.m */ = {isa = PBXFileReference; fileEncoding = 4; lastKnownFileType = sourcecode.c.objc; path = StorageService.m; sourceTree = "<group>"; };
		C73B55231D0FD92F0031E1D5 /* TextFieldWithIBInspectiblePlaceholder.h */ = {isa = PBXFileReference; fileEncoding = 4; lastKnownFileType = sourcecode.c.h; path = TextFieldWithIBInspectiblePlaceholder.h; sourceTree = "<group>"; };
		C73B55241D0FD92F0031E1D5 /* TextFieldWithIBInspectiblePlaceholder.m */ = {isa = PBXFileReference; fileEncoding = 4; lastKnownFileType = sourcecode.c.objc; path = TextFieldWithIBInspectiblePlaceholder.m; sourceTree = "<group>"; };
		C73B55261D11826B0031E1D5 /* HomeCollectionViewCell.h */ = {isa = PBXFileReference; fileEncoding = 4; lastKnownFileType = sourcecode.c.h; path = HomeCollectionViewCell.h; sourceTree = "<group>"; };
		C73B55271D11826B0031E1D5 /* HomeCollectionViewCell.m */ = {isa = PBXFileReference; fileEncoding = 4; lastKnownFileType = sourcecode.c.objc; path = HomeCollectionViewCell.m; sourceTree = "<group>"; };
		C770A0FA1D21251000A1FF24 /* login.storyboard */ = {isa = PBXFileReference; fileEncoding = 4; lastKnownFileType = file.storyboard; name = login.storyboard; path = Base.lproj/login/login.storyboard; sourceTree = "<group>"; };
		C770A0FD1D21400600A1FF24 /* Base */ = {isa = PBXFileReference; lastKnownFileType = file.storyboard; name = Base; path = Base.lproj/Settings.storyboard; sourceTree = "<group>"; };
		C770A0FF1D2264A500A1FF24 /* SettingsGeneral.h */ = {isa = PBXFileReference; fileEncoding = 4; lastKnownFileType = sourcecode.c.h; path = SettingsGeneral.h; sourceTree = "<group>"; };
		C770A1001D2264A500A1FF24 /* SettingsGeneral.m */ = {isa = PBXFileReference; fileEncoding = 4; lastKnownFileType = sourcecode.c.objc; path = SettingsGeneral.m; sourceTree = "<group>"; };
		C770A1031D229A0200A1FF24 /* SettingsSounds.h */ = {isa = PBXFileReference; fileEncoding = 4; lastKnownFileType = sourcecode.c.h; path = SettingsSounds.h; sourceTree = "<group>"; };
		C770A1041D229A0200A1FF24 /* SettingsSounds.m */ = {isa = PBXFileReference; fileEncoding = 4; lastKnownFileType = sourcecode.c.objc; path = SettingsSounds.m; sourceTree = "<group>"; };
		C770A1061D229A9700A1FF24 /* SettingsSettings.h */ = {isa = PBXFileReference; fileEncoding = 4; lastKnownFileType = sourcecode.c.h; path = SettingsSettings.h; sourceTree = "<group>"; };
		C770A1071D229A9700A1FF24 /* SettingsSettings.m */ = {isa = PBXFileReference; fileEncoding = 4; lastKnownFileType = sourcecode.c.objc; path = SettingsSettings.m; sourceTree = "<group>"; };
		C770A1091D229B1400A1FF24 /* SettingsTheme.h */ = {isa = PBXFileReference; fileEncoding = 4; lastKnownFileType = sourcecode.c.h; path = SettingsTheme.h; sourceTree = "<group>"; };
		C770A10A1D229B1400A1FF24 /* SettingsTheme.m */ = {isa = PBXFileReference; fileEncoding = 4; lastKnownFileType = sourcecode.c.objc; path = SettingsTheme.m; sourceTree = "<group>"; };
		C770A10C1D229BEC00A1FF24 /* SettingsSupport.h */ = {isa = PBXFileReference; fileEncoding = 4; lastKnownFileType = sourcecode.c.h; path = SettingsSupport.h; sourceTree = "<group>"; };
		C770A10D1D229BEC00A1FF24 /* SettingsSupport.m */ = {isa = PBXFileReference; fileEncoding = 4; lastKnownFileType = sourcecode.c.objc; path = SettingsSupport.m; sourceTree = "<group>"; };
		C770A10F1D229C0400A1FF24 /* SettingsPrivacy.h */ = {isa = PBXFileReference; fileEncoding = 4; lastKnownFileType = sourcecode.c.h; path = SettingsPrivacy.h; sourceTree = "<group>"; };
		C770A1101D229C0400A1FF24 /* SettingsPrivacy.m */ = {isa = PBXFileReference; fileEncoding = 4; lastKnownFileType = sourcecode.c.objc; path = SettingsPrivacy.m; sourceTree = "<group>"; };
		C770A1121D23AC9E00A1FF24 /* User.h */ = {isa = PBXFileReference; fileEncoding = 4; lastKnownFileType = sourcecode.c.h; path = User.h; sourceTree = "<group>"; };
		C770A1131D23AC9E00A1FF24 /* User.m */ = {isa = PBXFileReference; fileEncoding = 4; lastKnownFileType = sourcecode.c.objc; path = User.m; sourceTree = "<group>"; };
		C79380651D018BCB00665555 /* Authenticator.h */ = {isa = PBXFileReference; fileEncoding = 4; lastKnownFileType = sourcecode.c.h; path = Authenticator.h; sourceTree = "<group>"; };
		C79380661D018BCB00665555 /* Authenticator.m */ = {isa = PBXFileReference; fileEncoding = 4; lastKnownFileType = sourcecode.c.objc; path = Authenticator.m; sourceTree = "<group>"; };
		C79380681D019CA400665555 /* LogInVC.h */ = {isa = PBXFileReference; fileEncoding = 4; lastKnownFileType = sourcecode.c.h; path = LogInVC.h; sourceTree = "<group>"; };
		C79380691D019CA400665555 /* LogInVC.m */ = {isa = PBXFileReference; fileEncoding = 4; lastKnownFileType = sourcecode.c.objc; path = LogInVC.m; sourceTree = "<group>"; };
		C7A922D91D09961200BD0178 /* RegistrationVC.h */ = {isa = PBXFileReference; fileEncoding = 4; lastKnownFileType = sourcecode.c.h; path = RegistrationVC.h; sourceTree = "<group>"; };
		C7A922DA1D09961200BD0178 /* RegistrationVC.m */ = {isa = PBXFileReference; fileEncoding = 4; lastKnownFileType = sourcecode.c.objc; path = RegistrationVC.m; sourceTree = "<group>"; };
		C7A922DC1D0AE21000BD0178 /* DatabaseService.h */ = {isa = PBXFileReference; fileEncoding = 4; lastKnownFileType = sourcecode.c.h; path = DatabaseService.h; sourceTree = "<group>"; };
		C7A922DD1D0AE21000BD0178 /* DatabaseService.m */ = {isa = PBXFileReference; fileEncoding = 4; lastKnownFileType = sourcecode.c.objc; path = DatabaseService.m; sourceTree = "<group>"; };
		C7BBDDA81CFC5FD10062C59C /* GoogleService-Info.plist */ = {isa = PBXFileReference; fileEncoding = 4; lastKnownFileType = text.plist.xml; path = "GoogleService-Info.plist"; sourceTree = "<group>"; };
		C7D0B5341CFC6BEC0023A256 /* MainTabbarVC.h */ = {isa = PBXFileReference; fileEncoding = 4; lastKnownFileType = sourcecode.c.h; path = MainTabbarVC.h; sourceTree = "<group>"; };
		C7D0B5351CFC6BEC0023A256 /* MainTabbarVC.m */ = {isa = PBXFileReference; fileEncoding = 4; lastKnownFileType = sourcecode.c.objc; path = MainTabbarVC.m; sourceTree = "<group>"; };
		C7D0B5371CFEB6EA0023A256 /* TopMenu.h */ = {isa = PBXFileReference; fileEncoding = 4; lastKnownFileType = sourcecode.c.h; path = TopMenu.h; sourceTree = "<group>"; };
		C7D0B5381CFEB6EA0023A256 /* TopMenu.m */ = {isa = PBXFileReference; fileEncoding = 4; lastKnownFileType = sourcecode.c.objc; path = TopMenu.m; sourceTree = "<group>"; };
		C7D0B53A1CFEC7F90023A256 /* NavigationVC.h */ = {isa = PBXFileReference; fileEncoding = 4; lastKnownFileType = sourcecode.c.h; path = NavigationVC.h; sourceTree = "<group>"; };
		C7D0B53B1CFEC7F90023A256 /* NavigationVC.m */ = {isa = PBXFileReference; fileEncoding = 4; lastKnownFileType = sourcecode.c.objc; path = NavigationVC.m; sourceTree = "<group>"; };
		C7D0B53D1CFEE71D0023A256 /* NavigationCollectionVC.h */ = {isa = PBXFileReference; fileEncoding = 4; lastKnownFileType = sourcecode.c.h; path = NavigationCollectionVC.h; sourceTree = "<group>"; };
		C7D0B53E1CFEE71D0023A256 /* NavigationCollectionVC.m */ = {isa = PBXFileReference; fileEncoding = 4; lastKnownFileType = sourcecode.c.objc; path = NavigationCollectionVC.m; sourceTree = "<group>"; };
		C7D0B5401CFEF10F0023A256 /* NavigationCollectionViewCell.h */ = {isa = PBXFileReference; fileEncoding = 4; lastKnownFileType = sourcecode.c.h; path = NavigationCollectionViewCell.h; sourceTree = "<group>"; };
		C7D0B5411CFEF10F0023A256 /* NavigationCollectionViewCell.m */ = {isa = PBXFileReference; fileEncoding = 4; lastKnownFileType = sourcecode.c.objc; path = NavigationCollectionViewCell.m; sourceTree = "<group>"; };
		C7D0B5441D0025FF0023A256 /* HomeVC.h */ = {isa = PBXFileReference; fileEncoding = 4; lastKnownFileType = sourcecode.c.h; path = HomeVC.h; sourceTree = "<group>"; };
		C7D0B5451D0025FF0023A256 /* HomeVC.m */ = {isa = PBXFileReference; fileEncoding = 4; lastKnownFileType = sourcecode.c.objc; path = HomeVC.m; sourceTree = "<group>"; };
		C7D0B54A1D0026C50023A256 /* CalendarVC.h */ = {isa = PBXFileReference; fileEncoding = 4; lastKnownFileType = sourcecode.c.h; path = CalendarVC.h; sourceTree = "<group>"; };
		C7D0B54B1D0026C50023A256 /* CalendarVC.m */ = {isa = PBXFileReference; fileEncoding = 4; lastKnownFileType = sourcecode.c.objc; path = CalendarVC.m; sourceTree = "<group>"; };
		C7D0B54D1D0026DE0023A256 /* OverviewVC.h */ = {isa = PBXFileReference; fileEncoding = 4; lastKnownFileType = sourcecode.c.h; path = OverviewVC.h; sourceTree = "<group>"; };
		C7D0B54E1D0026DE0023A256 /* OverviewVC.m */ = {isa = PBXFileReference; fileEncoding = 4; lastKnownFileType = sourcecode.c.objc; path = OverviewVC.m; sourceTree = "<group>"; };
		C7D0B5501D0027180023A256 /* CreateVC.h */ = {isa = PBXFileReference; fileEncoding = 4; lastKnownFileType = sourcecode.c.h; path = CreateVC.h; sourceTree = "<group>"; };
		C7D0B5511D0027180023A256 /* CreateVC.m */ = {isa = PBXFileReference; fileEncoding = 4; lastKnownFileType = sourcecode.c.objc; path = CreateVC.m; sourceTree = "<group>"; };
		C7D0B5531D0027260023A256 /* ProfileVC.h */ = {isa = PBXFileReference; fileEncoding = 4; lastKnownFileType = sourcecode.c.h; path = ProfileVC.h; sourceTree = "<group>"; };
		C7D0B5541D0027260023A256 /* ProfileVC.m */ = {isa = PBXFileReference; fileEncoding = 4; lastKnownFileType = sourcecode.c.objc; path = ProfileVC.m; sourceTree = "<group>"; };
		C7D0B5561D0027350023A256 /* TimelineVC.h */ = {isa = PBXFileReference; fileEncoding = 4; lastKnownFileType = sourcecode.c.h; path = TimelineVC.h; sourceTree = "<group>"; };
		C7D0B5571D0027350023A256 /* TimelineVC.m */ = {isa = PBXFileReference; fileEncoding = 4; lastKnownFileType = sourcecode.c.objc; path = TimelineVC.m; sourceTree = "<group>"; };
		C7D0B5591D0027770023A256 /* SettingsVC.h */ = {isa = PBXFileReference; fileEncoding = 4; lastKnownFileType = sourcecode.c.h; path = SettingsVC.h; sourceTree = "<group>"; };
		C7D0B55A1D0027770023A256 /* SettingsVC.m */ = {isa = PBXFileReference; fileEncoding = 4; lastKnownFileType = sourcecode.c.objc; path = SettingsVC.m; sourceTree = "<group>"; };
		C7D0B55D1D0028060023A256 /* GroupsVC.h */ = {isa = PBXFileReference; fileEncoding = 4; lastKnownFileType = sourcecode.c.h; path = GroupsVC.h; sourceTree = "<group>"; };
		C7D0B55E1D0028060023A256 /* GroupsVC.m */ = {isa = PBXFileReference; fileEncoding = 4; lastKnownFileType = sourcecode.c.objc; path = GroupsVC.m; sourceTree = "<group>"; };
		C7D0B5601D0028830023A256 /* Configuration.h */ = {isa = PBXFileReference; fileEncoding = 4; lastKnownFileType = sourcecode.c.h; path = Configuration.h; sourceTree = "<group>"; };
		C7D0B5611D0028830023A256 /* Configuration.m */ = {isa = PBXFileReference; fileEncoding = 4; lastKnownFileType = sourcecode.c.objc; path = Configuration.m; sourceTree = "<group>"; };
		C7D0B5631D004FC90023A256 /* ListsVC.h */ = {isa = PBXFileReference; fileEncoding = 4; lastKnownFileType = sourcecode.c.h; path = ListsVC.h; sourceTree = "<group>"; };
		C7D0B5641D004FC90023A256 /* ListsVC.m */ = {isa = PBXFileReference; fileEncoding = 4; lastKnownFileType = sourcecode.c.objc; path = ListsVC.m; sourceTree = "<group>"; };
		C7EAD8691CFC28EF0085CFF4 /* ToDo-Demo-app.app */ = {isa = PBXFileReference; explicitFileType = wrapper.application; includeInIndex = 0; path = "ToDo-Demo-app.app"; sourceTree = BUILT_PRODUCTS_DIR; };
		C7EAD86D1CFC28EF0085CFF4 /* main.m */ = {isa = PBXFileReference; lastKnownFileType = sourcecode.c.objc; path = main.m; sourceTree = "<group>"; };
		C7EAD86F1CFC28EF0085CFF4 /* AppDelegate.h */ = {isa = PBXFileReference; lastKnownFileType = sourcecode.c.h; path = AppDelegate.h; sourceTree = "<group>"; };
		C7EAD8701CFC28EF0085CFF4 /* AppDelegate.m */ = {isa = PBXFileReference; lastKnownFileType = sourcecode.c.objc; path = AppDelegate.m; sourceTree = "<group>"; };
		C7EAD8761CFC28EF0085CFF4 /* Base */ = {isa = PBXFileReference; lastKnownFileType = file.storyboard; name = Base; path = Base.lproj/Main.storyboard; sourceTree = "<group>"; };
		C7EAD8781CFC28EF0085CFF4 /* Assets.xcassets */ = {isa = PBXFileReference; lastKnownFileType = folder.assetcatalog; path = Assets.xcassets; sourceTree = "<group>"; };
		C7EAD87B1CFC28EF0085CFF4 /* Base */ = {isa = PBXFileReference; lastKnownFileType = file.storyboard; name = Base; path = Base.lproj/LaunchScreen.storyboard; sourceTree = "<group>"; };
		C7EAD87D1CFC28EF0085CFF4 /* Info.plist */ = {isa = PBXFileReference; lastKnownFileType = text.plist.xml; path = Info.plist; sourceTree = "<group>"; };
/* End PBXFileReference section */

/* Begin PBXFrameworksBuildPhase section */
		C7EAD8661CFC28EF0085CFF4 /* Frameworks */ = {
			isa = PBXFrameworksBuildPhase;
			buildActionMask = 2147483647;
			files = (
				C71569281D1969180099B9D0 /* Security.framework in Frameworks */,
				8D47CF8EAB31808ED7ADBEBD /* libPods-ToDo-Demo-app.a in Frameworks */,
			);
			runOnlyForDeploymentPostprocessing = 0;
		};
/* End PBXFrameworksBuildPhase section */

/* Begin PBXGroup section */
		0D93B1E6AC75D6C625588542 /* Pods */ = {
			isa = PBXGroup;
			children = (
				563E5D9D78D037DDB5D00D06 /* Pods-ToDo-Demo-app.debug.xcconfig */,
				2AB82299EB03BCD4CE6A58B6 /* Pods-ToDo-Demo-app.release.xcconfig */,
			);
			name = Pods;
			sourceTree = "<group>";
		};
		3F89A35C003F7A9AA60B0F3C /* Frameworks */ = {
			isa = PBXGroup;
			children = (
				C71569271D1969180099B9D0 /* Security.framework */,
				44A2FC9AEDEB7BB0A5507672 /* libPods-ToDo-Demo-app.a */,
			);
			name = Frameworks;
			sourceTree = "<group>";
		};
		C73B552B1D1182720031E1D5 /* CollectionViewCells */ = {
			isa = PBXGroup;
			children = (
				C73B55261D11826B0031E1D5 /* HomeCollectionViewCell.h */,
				C73B55271D11826B0031E1D5 /* HomeCollectionViewCell.m */,
			);
			name = CollectionViewCells;
			sourceTree = "<group>";
		};
		C770A1021D227F6800A1FF24 /* SettingsDetails */ = {
			isa = PBXGroup;
			children = (
				C770A0FF1D2264A500A1FF24 /* SettingsGeneral.h */,
				C770A1001D2264A500A1FF24 /* SettingsGeneral.m */,
				C770A1031D229A0200A1FF24 /* SettingsSounds.h */,
				C770A1041D229A0200A1FF24 /* SettingsSounds.m */,
				C770A1061D229A9700A1FF24 /* SettingsSettings.h */,
				C770A1071D229A9700A1FF24 /* SettingsSettings.m */,
				C770A1091D229B1400A1FF24 /* SettingsTheme.h */,
				C770A10A1D229B1400A1FF24 /* SettingsTheme.m */,
				C770A10C1D229BEC00A1FF24 /* SettingsSupport.h */,
				C770A10D1D229BEC00A1FF24 /* SettingsSupport.m */,
				C770A10F1D229C0400A1FF24 /* SettingsPrivacy.h */,
				C770A1101D229C0400A1FF24 /* SettingsPrivacy.m */,
			);
			name = SettingsDetails;
			sourceTree = "<group>";
		};
		C7A922DF1D0AE21D00BD0178 /* FirebaseModel */ = {
			isa = PBXGroup;
			children = (
				C79380651D018BCB00665555 /* Authenticator.h */,
				C79380661D018BCB00665555 /* Authenticator.m */,
				C7A922DC1D0AE21000BD0178 /* DatabaseService.h */,
				C7A922DD1D0AE21000BD0178 /* DatabaseService.m */,
				C73B55201D0E9F4D0031E1D5 /* StorageService.h */,
				C73B55211D0E9F4D0031E1D5 /* StorageService.m */,
			);
			name = FirebaseModel;
			sourceTree = "<group>";
		};
		C7D0B5431D0025880023A256 /* TopMenuNavigation */ = {
			isa = PBXGroup;
			children = (
				C7D0B5371CFEB6EA0023A256 /* TopMenu.h */,
				C7D0B5381CFEB6EA0023A256 /* TopMenu.m */,
				C7D0B53A1CFEC7F90023A256 /* NavigationVC.h */,
				C7D0B53B1CFEC7F90023A256 /* NavigationVC.m */,
				C7D0B53D1CFEE71D0023A256 /* NavigationCollectionVC.h */,
				C7D0B53E1CFEE71D0023A256 /* NavigationCollectionVC.m */,
				C7D0B5401CFEF10F0023A256 /* NavigationCollectionViewCell.h */,
				C7D0B5411CFEF10F0023A256 /* NavigationCollectionViewCell.m */,
			);
			name = TopMenuNavigation;
			sourceTree = "<group>";
		};
		C7D0B55C1D00278B0023A256 /* PageViewControllers */ = {
			isa = PBXGroup;
			children = (
				C7D0B5441D0025FF0023A256 /* HomeVC.h */,
				C7D0B5451D0025FF0023A256 /* HomeVC.m */,
				C7D0B54A1D0026C50023A256 /* CalendarVC.h */,
				C7D0B54B1D0026C50023A256 /* CalendarVC.m */,
				C7D0B54D1D0026DE0023A256 /* OverviewVC.h */,
				C7D0B54E1D0026DE0023A256 /* OverviewVC.m */,
				C7D0B5501D0027180023A256 /* CreateVC.h */,
				C7D0B5511D0027180023A256 /* CreateVC.m */,
				C7D0B5531D0027260023A256 /* ProfileVC.h */,
				C7D0B5541D0027260023A256 /* ProfileVC.m */,
				C7D0B5561D0027350023A256 /* TimelineVC.h */,
				C7D0B5571D0027350023A256 /* TimelineVC.m */,
				C7D0B5591D0027770023A256 /* SettingsVC.h */,
				C7D0B55A1D0027770023A256 /* SettingsVC.m */,
				C770A1021D227F6800A1FF24 /* SettingsDetails */,
				C7D0B55D1D0028060023A256 /* GroupsVC.h */,
				C7D0B55E1D0028060023A256 /* GroupsVC.m */,
				C7D0B5631D004FC90023A256 /* ListsVC.h */,
				C7D0B5641D004FC90023A256 /* ListsVC.m */,
				C79380681D019CA400665555 /* LogInVC.h */,
				C79380691D019CA400665555 /* LogInVC.m */,
				C7A922D91D09961200BD0178 /* RegistrationVC.h */,
				C7A922DA1D09961200BD0178 /* RegistrationVC.m */,
			);
			name = PageViewControllers;
			sourceTree = "<group>";
		};
		C7EAD8601CFC28EF0085CFF4 = {
			isa = PBXGroup;
			children = (
				C7EAD86B1CFC28EF0085CFF4 /* ToDo-Demo-app */,
				C7EAD86A1CFC28EF0085CFF4 /* Products */,
				0D93B1E6AC75D6C625588542 /* Pods */,
				3F89A35C003F7A9AA60B0F3C /* Frameworks */,
			);
			sourceTree = "<group>";
		};
		C7EAD86A1CFC28EF0085CFF4 /* Products */ = {
			isa = PBXGroup;
			children = (
				C7EAD8691CFC28EF0085CFF4 /* ToDo-Demo-app.app */,
			);
			name = Products;
			sourceTree = "<group>";
		};
		C7EAD86B1CFC28EF0085CFF4 /* ToDo-Demo-app */ = {
			isa = PBXGroup;
			children = (
				C770A1121D23AC9E00A1FF24 /* User.h */,
				C770A1131D23AC9E00A1FF24 /* User.m */,
				C7D0B5601D0028830023A256 /* Configuration.h */,
				C7D0B5611D0028830023A256 /* Configuration.m */,
				C7D0B5341CFC6BEC0023A256 /* MainTabbarVC.h */,
				C7D0B5351CFC6BEC0023A256 /* MainTabbarVC.m */,
				C7EAD8751CFC28EF0085CFF4 /* Main.storyboard */,
				C770A0FC1D21400600A1FF24 /* Settings.storyboard */,
				C770A0FA1D21251000A1FF24 /* login.storyboard */,
				C7D0B55C1D00278B0023A256 /* PageViewControllers */,
				C7A922DF1D0AE21D00BD0178 /* FirebaseModel */,
				C73B552B1D1182720031E1D5 /* CollectionViewCells */,
				C7D0B5431D0025880023A256 /* TopMenuNavigation */,
				C7EAD86C1CFC28EF0085CFF4 /* Supporting Files */,
				C7EAD8781CFC28EF0085CFF4 /* Assets.xcassets */,
			);
			path = "ToDo-Demo-app";
			sourceTree = "<group>";
		};
		C7EAD86C1CFC28EF0085CFF4 /* Supporting Files */ = {
			isa = PBXGroup;
			children = (
				C73B55231D0FD92F0031E1D5 /* TextFieldWithIBInspectiblePlaceholder.h */,
				C73B55241D0FD92F0031E1D5 /* TextFieldWithIBInspectiblePlaceholder.m */,
				C71569291D1969580099B9D0 /* KeychainItemWrapper.h */,
				C715692A1D1969580099B9D0 /* KeychainItemWrapper.m */,
				C7EAD87A1CFC28EF0085CFF4 /* LaunchScreen.storyboard */,
				C7EAD87D1CFC28EF0085CFF4 /* Info.plist */,
				C7BBDDA81CFC5FD10062C59C /* GoogleService-Info.plist */,
				C7EAD86F1CFC28EF0085CFF4 /* AppDelegate.h */,
				C7EAD8701CFC28EF0085CFF4 /* AppDelegate.m */,
				C7EAD86D1CFC28EF0085CFF4 /* main.m */,
			);
			name = "Supporting Files";
			sourceTree = "<group>";
		};
/* End PBXGroup section */

/* Begin PBXNativeTarget section */
		C7EAD8681CFC28EF0085CFF4 /* ToDo-Demo-app */ = {
			isa = PBXNativeTarget;
			buildConfigurationList = C7EAD8801CFC28EF0085CFF4 /* Build configuration list for PBXNativeTarget "ToDo-Demo-app" */;
			buildPhases = (
				74FC5AD415D6D4638CD3F221 /* 📦 Check Pods Manifest.lock */,
				C7EAD8651CFC28EF0085CFF4 /* Sources */,
				C7EAD8661CFC28EF0085CFF4 /* Frameworks */,
				C7EAD8671CFC28EF0085CFF4 /* Resources */,
				E85FA482A8EED33A2A288AA8 /* 📦 Embed Pods Frameworks */,
				BE23AA632918A5D6A1173AFD /* 📦 Copy Pods Resources */,
			);
			buildRules = (
			);
			dependencies = (
			);
			name = "ToDo-Demo-app";
			productName = "ToDo-Demo-app";
			productReference = C7EAD8691CFC28EF0085CFF4 /* ToDo-Demo-app.app */;
			productType = "com.apple.product-type.application";
		};
/* End PBXNativeTarget section */

/* Begin PBXProject section */
		C7EAD8611CFC28EF0085CFF4 /* Project object */ = {
			isa = PBXProject;
			attributes = {
				LastUpgradeCheck = 0730;
				ORGANIZATIONNAME = "Mikanovskis, Armands";
				TargetAttributes = {
					C7EAD8681CFC28EF0085CFF4 = {
						CreatedOnToolsVersion = 7.3.1;
						DevelopmentTeam = 3A56W424A3;
					};
				};
			};
			buildConfigurationList = C7EAD8641CFC28EF0085CFF4 /* Build configuration list for PBXProject "ToDo-Demo-app" */;
			compatibilityVersion = "Xcode 3.2";
			developmentRegion = English;
			hasScannedForEncodings = 0;
			knownRegions = (
				en,
				Base,
			);
			mainGroup = C7EAD8601CFC28EF0085CFF4;
			productRefGroup = C7EAD86A1CFC28EF0085CFF4 /* Products */;
			projectDirPath = "";
			projectRoot = "";
			targets = (
				C7EAD8681CFC28EF0085CFF4 /* ToDo-Demo-app */,
			);
		};
/* End PBXProject section */

/* Begin PBXResourcesBuildPhase section */
		C7EAD8671CFC28EF0085CFF4 /* Resources */ = {
			isa = PBXResourcesBuildPhase;
			buildActionMask = 2147483647;
			files = (
				C7EAD87C1CFC28EF0085CFF4 /* LaunchScreen.storyboard in Resources */,
				C7EAD8791CFC28EF0085CFF4 /* Assets.xcassets in Resources */,
				C7EAD8771CFC28EF0085CFF4 /* Main.storyboard in Resources */,
				C770A0FE1D21400600A1FF24 /* Settings.storyboard in Resources */,
				C770A0FB1D21251000A1FF24 /* login.storyboard in Resources */,
				C7BBDDA91CFC5FD10062C59C /* GoogleService-Info.plist in Resources */,
			);
			runOnlyForDeploymentPostprocessing = 0;
		};
/* End PBXResourcesBuildPhase section */

/* Begin PBXShellScriptBuildPhase section */
		74FC5AD415D6D4638CD3F221 /* 📦 Check Pods Manifest.lock */ = {
			isa = PBXShellScriptBuildPhase;
			buildActionMask = 2147483647;
			files = (
			);
			inputPaths = (
			);
			name = "📦 Check Pods Manifest.lock";
			outputPaths = (
			);
			runOnlyForDeploymentPostprocessing = 0;
			shellPath = /bin/sh;
			shellScript = "diff \"${PODS_ROOT}/../Podfile.lock\" \"${PODS_ROOT}/Manifest.lock\" > /dev/null\nif [[ $? != 0 ]] ; then\n    cat << EOM\nerror: The sandbox is not in sync with the Podfile.lock. Run 'pod install' or update your CocoaPods installation.\nEOM\n    exit 1\nfi\n";
			showEnvVarsInLog = 0;
		};
		BE23AA632918A5D6A1173AFD /* 📦 Copy Pods Resources */ = {
			isa = PBXShellScriptBuildPhase;
			buildActionMask = 2147483647;
			files = (
			);
			inputPaths = (
			);
			name = "📦 Copy Pods Resources";
			outputPaths = (
			);
			runOnlyForDeploymentPostprocessing = 0;
			shellPath = /bin/sh;
			shellScript = "\"${SRCROOT}/Pods/Target Support Files/Pods-ToDo-Demo-app/Pods-ToDo-Demo-app-resources.sh\"\n";
			showEnvVarsInLog = 0;
		};
		E85FA482A8EED33A2A288AA8 /* 📦 Embed Pods Frameworks */ = {
			isa = PBXShellScriptBuildPhase;
			buildActionMask = 2147483647;
			files = (
			);
			inputPaths = (
			);
			name = "📦 Embed Pods Frameworks";
			outputPaths = (
			);
			runOnlyForDeploymentPostprocessing = 0;
			shellPath = /bin/sh;
			shellScript = "\"${SRCROOT}/Pods/Target Support Files/Pods-ToDo-Demo-app/Pods-ToDo-Demo-app-frameworks.sh\"\n";
			showEnvVarsInLog = 0;
		};
/* End PBXShellScriptBuildPhase section */

/* Begin PBXSourcesBuildPhase section */
		C7EAD8651CFC28EF0085CFF4 /* Sources */ = {
			isa = PBXSourcesBuildPhase;
			buildActionMask = 2147483647;
			files = (
				C770A1141D23AC9E00A1FF24 /* User.m in Sources */,
				C7D0B5651D004FC90023A256 /* ListsVC.m in Sources */,
				C7D0B53F1CFEE71D0023A256 /* NavigationCollectionVC.m in Sources */,
				C7D0B5391CFEB6EA0023A256 /* TopMenu.m in Sources */,
				C73B55221D0E9F4D0031E1D5 /* StorageService.m in Sources */,
				C770A1051D229A0200A1FF24 /* SettingsSounds.m in Sources */,
				C770A10B1D229B1400A1FF24 /* SettingsTheme.m in Sources */,
				C7D0B5551D0027260023A256 /* ProfileVC.m in Sources */,
				C7D0B5621D0028830023A256 /* Configuration.m in Sources */,
				C7A922DE1D0AE21000BD0178 /* DatabaseService.m in Sources */,
				C79380671D018BCB00665555 /* Authenticator.m in Sources */,
				C7D0B54C1D0026C50023A256 /* CalendarVC.m in Sources */,
				C7EAD8711CFC28EF0085CFF4 /* AppDelegate.m in Sources */,
				C7D0B5421CFEF10F0023A256 /* NavigationCollectionViewCell.m in Sources */,
				C73B55291D11826B0031E1D5 /* HomeCollectionViewCell.m in Sources */,
				C7D0B5521D0027180023A256 /* CreateVC.m in Sources */,
				C715692B1D1969580099B9D0 /* KeychainItemWrapper.m in Sources */,
				C7D0B54F1D0026DE0023A256 /* OverviewVC.m in Sources */,
				C770A1111D229C0400A1FF24 /* SettingsPrivacy.m in Sources */,
				C7D0B5581D0027350023A256 /* TimelineVC.m in Sources */,
				C7EAD86E1CFC28EF0085CFF4 /* main.m in Sources */,
				C7D0B55B1D0027770023A256 /* SettingsVC.m in Sources */,
				C793806A1D019CA400665555 /* LogInVC.m in Sources */,
				C7D0B5461D0025FF0023A256 /* HomeVC.m in Sources */,
				C7D0B53C1CFEC7F90023A256 /* NavigationVC.m in Sources */,
				C770A1011D2264A500A1FF24 /* SettingsGeneral.m in Sources */,
				C770A10E1D229BEC00A1FF24 /* SettingsSupport.m in Sources */,
				C770A1081D229A9700A1FF24 /* SettingsSettings.m in Sources */,
				C7D0B55F1D0028060023A256 /* GroupsVC.m in Sources */,
				C7D0B5361CFC6BEC0023A256 /* MainTabbarVC.m in Sources */,
				C7A922DB1D09961200BD0178 /* RegistrationVC.m in Sources */,
				C73B55251D0FD92F0031E1D5 /* TextFieldWithIBInspectiblePlaceholder.m in Sources */,
			);
			runOnlyForDeploymentPostprocessing = 0;
		};
/* End PBXSourcesBuildPhase section */

/* Begin PBXVariantGroup section */
		C770A0FC1D21400600A1FF24 /* Settings.storyboard */ = {
			isa = PBXVariantGroup;
			children = (
				C770A0FD1D21400600A1FF24 /* Base */,
			);
			name = Settings.storyboard;
			sourceTree = "<group>";
		};
		C7EAD8751CFC28EF0085CFF4 /* Main.storyboard */ = {
			isa = PBXVariantGroup;
			children = (
				C7EAD8761CFC28EF0085CFF4 /* Base */,
			);
			name = Main.storyboard;
			sourceTree = "<group>";
		};
		C7EAD87A1CFC28EF0085CFF4 /* LaunchScreen.storyboard */ = {
			isa = PBXVariantGroup;
			children = (
				C7EAD87B1CFC28EF0085CFF4 /* Base */,
			);
			name = LaunchScreen.storyboard;
			sourceTree = "<group>";
		};
/* End PBXVariantGroup section */

/* Begin XCBuildConfiguration section */
		C7EAD87E1CFC28EF0085CFF4 /* Debug */ = {
			isa = XCBuildConfiguration;
			buildSettings = {
				ALWAYS_SEARCH_USER_PATHS = NO;
				CLANG_ANALYZER_NONNULL = YES;
				CLANG_CXX_LANGUAGE_STANDARD = "gnu++0x";
				CLANG_CXX_LIBRARY = "libc++";
				CLANG_ENABLE_MODULES = YES;
				CLANG_ENABLE_OBJC_ARC = YES;
				CLANG_WARN_BOOL_CONVERSION = YES;
				CLANG_WARN_CONSTANT_CONVERSION = YES;
				CLANG_WARN_DIRECT_OBJC_ISA_USAGE = YES_ERROR;
				CLANG_WARN_EMPTY_BODY = YES;
				CLANG_WARN_ENUM_CONVERSION = YES;
				CLANG_WARN_INT_CONVERSION = YES;
				CLANG_WARN_OBJC_ROOT_CLASS = YES_ERROR;
				CLANG_WARN_UNREACHABLE_CODE = YES;
				CLANG_WARN__DUPLICATE_METHOD_MATCH = YES;
				"CODE_SIGN_IDENTITY[sdk=iphoneos*]" = "iPhone Developer";
				COPY_PHASE_STRIP = NO;
				DEBUG_INFORMATION_FORMAT = dwarf;
				ENABLE_STRICT_OBJC_MSGSEND = YES;
				ENABLE_TESTABILITY = YES;
				GCC_C_LANGUAGE_STANDARD = gnu99;
				GCC_DYNAMIC_NO_PIC = NO;
				GCC_NO_COMMON_BLOCKS = YES;
				GCC_OPTIMIZATION_LEVEL = 0;
				GCC_PREPROCESSOR_DEFINITIONS = (
					"DEBUG=1",
					"$(inherited)",
				);
				GCC_WARN_64_TO_32_BIT_CONVERSION = YES;
				GCC_WARN_ABOUT_RETURN_TYPE = YES_ERROR;
				GCC_WARN_UNDECLARED_SELECTOR = YES;
				GCC_WARN_UNINITIALIZED_AUTOS = YES_AGGRESSIVE;
				GCC_WARN_UNUSED_FUNCTION = YES;
				GCC_WARN_UNUSED_VARIABLE = YES;
				IPHONEOS_DEPLOYMENT_TARGET = 9.3;
				MTL_ENABLE_DEBUG_INFO = YES;
				ONLY_ACTIVE_ARCH = YES;
				SDKROOT = iphoneos;
				TARGETED_DEVICE_FAMILY = "1,2";
			};
			name = Debug;
		};
		C7EAD87F1CFC28EF0085CFF4 /* Release */ = {
			isa = XCBuildConfiguration;
			buildSettings = {
				ALWAYS_SEARCH_USER_PATHS = NO;
				CLANG_ANALYZER_NONNULL = YES;
				CLANG_CXX_LANGUAGE_STANDARD = "gnu++0x";
				CLANG_CXX_LIBRARY = "libc++";
				CLANG_ENABLE_MODULES = YES;
				CLANG_ENABLE_OBJC_ARC = YES;
				CLANG_WARN_BOOL_CONVERSION = YES;
				CLANG_WARN_CONSTANT_CONVERSION = YES;
				CLANG_WARN_DIRECT_OBJC_ISA_USAGE = YES_ERROR;
				CLANG_WARN_EMPTY_BODY = YES;
				CLANG_WARN_ENUM_CONVERSION = YES;
				CLANG_WARN_INT_CONVERSION = YES;
				CLANG_WARN_OBJC_ROOT_CLASS = YES_ERROR;
				CLANG_WARN_UNREACHABLE_CODE = YES;
				CLANG_WARN__DUPLICATE_METHOD_MATCH = YES;
				"CODE_SIGN_IDENTITY[sdk=iphoneos*]" = "iPhone Developer";
				COPY_PHASE_STRIP = NO;
				DEBUG_INFORMATION_FORMAT = "dwarf-with-dsym";
				ENABLE_NS_ASSERTIONS = NO;
				ENABLE_STRICT_OBJC_MSGSEND = YES;
				GCC_C_LANGUAGE_STANDARD = gnu99;
				GCC_NO_COMMON_BLOCKS = YES;
				GCC_WARN_64_TO_32_BIT_CONVERSION = YES;
				GCC_WARN_ABOUT_RETURN_TYPE = YES_ERROR;
				GCC_WARN_UNDECLARED_SELECTOR = YES;
				GCC_WARN_UNINITIALIZED_AUTOS = YES_AGGRESSIVE;
				GCC_WARN_UNUSED_FUNCTION = YES;
				GCC_WARN_UNUSED_VARIABLE = YES;
				IPHONEOS_DEPLOYMENT_TARGET = 9.3;
				MTL_ENABLE_DEBUG_INFO = NO;
				SDKROOT = iphoneos;
				TARGETED_DEVICE_FAMILY = "1,2";
				VALIDATE_PRODUCT = YES;
			};
			name = Release;
		};
		C7EAD8811CFC28EF0085CFF4 /* Debug */ = {
			isa = XCBuildConfiguration;
			baseConfigurationReference = 563E5D9D78D037DDB5D00D06 /* Pods-ToDo-Demo-app.debug.xcconfig */;
			buildSettings = {
				ASSETCATALOG_COMPILER_APPICON_NAME = AppIcon;
				INFOPLIST_FILE = "ToDo-Demo-app/Info.plist";
				LD_RUNPATH_SEARCH_PATHS = "$(inherited) @executable_path/Frameworks";
				PRODUCT_BUNDLE_IDENTIFIER = "com.armands.mikanovskis.ToDo-Demo-app";
				PRODUCT_NAME = "$(TARGET_NAME)";
			};
			name = Debug;
		};
		C7EAD8821CFC28EF0085CFF4 /* Release */ = {
			isa = XCBuildConfiguration;
			baseConfigurationReference = 2AB82299EB03BCD4CE6A58B6 /* Pods-ToDo-Demo-app.release.xcconfig */;
			buildSettings = {
				ASSETCATALOG_COMPILER_APPICON_NAME = AppIcon;
				INFOPLIST_FILE = "ToDo-Demo-app/Info.plist";
				LD_RUNPATH_SEARCH_PATHS = "$(inherited) @executable_path/Frameworks";
				PRODUCT_BUNDLE_IDENTIFIER = "com.armands.mikanovskis.ToDo-Demo-app";
				PRODUCT_NAME = "$(TARGET_NAME)";
			};
			name = Release;
		};
/* End XCBuildConfiguration section */

/* Begin XCConfigurationList section */
		C7EAD8641CFC28EF0085CFF4 /* Build configuration list for PBXProject "ToDo-Demo-app" */ = {
			isa = XCConfigurationList;
			buildConfigurations = (
				C7EAD87E1CFC28EF0085CFF4 /* Debug */,
				C7EAD87F1CFC28EF0085CFF4 /* Release */,
			);
			defaultConfigurationIsVisible = 0;
			defaultConfigurationName = Release;
		};
		C7EAD8801CFC28EF0085CFF4 /* Build configuration list for PBXNativeTarget "ToDo-Demo-app" */ = {
			isa = XCConfigurationList;
			buildConfigurations = (
				C7EAD8811CFC28EF0085CFF4 /* Debug */,
				C7EAD8821CFC28EF0085CFF4 /* Release */,
			);
			defaultConfigurationIsVisible = 0;
			defaultConfigurationName = Release;
		};
/* End XCConfigurationList section */
	};
	rootObject = C7EAD8611CFC28EF0085CFF4 /* Project object */;
}
